
Microsoft Visual Studio Solution File, Format Version 12.00
# Visual Studio Version 17
VisualStudioVersion = 17.2.32616.157
MinimumVisualStudioVersion = 10.0.40219.1
Project("{FAE04EC0-301F-11D3-BF4B-00C04F79EFBC}") = "QuestionNo9", "QuestionNo9.csproj", "{43637C0F-0F2B-4635-B941-8EEB581C6BFE}"
EndProject
Global
	GlobalSection(SolutionConfigurationPlatforms) = preSolution
		Debug|Any CPU = Debug|Any CPU
		Release|Any CPU = Release|Any CPU
	EndGlobalSection
	GlobalSection(ProjectConfigurationPlatforms) = postSolution
		{43637C0F-0F2B-4635-B941-8EEB581C6BFE}.Debug|Any CPU.ActiveCfg = Debug|Any CPU
		{43637C0F-0F2B-4635-B941-8EEB581C6BFE}.Debug|Any CPU.Build.0 = Debug|Any CPU
		{43637C0F-0F2B-4635-B941-8EEB581C6BFE}.Release|Any CPU.ActiveCfg = Release|Any CPU
		{43637C0F-0F2B-4635-B941-8EEB581C6BFE}.Release|Any CPU.Build.0 = Release|Any CPU
	EndGlobalSection
	GlobalSection(SolutionProperties) = preSolution
		HideSolutionNode = FALSE
	EndGlobalSection
	GlobalSection(ExtensibilityGlobals) = postSolution
		SolutionGuid = {668DFC55-7BE3-4C7D-9B49-4C99510C6FA0}
	EndGlobalSection
EndGlobal
